
Microsoft Visual Studio Solution File, Format Version 12.00
# Visual Studio Version 17
VisualStudioVersion = 17.8.34316.72
MinimumVisualStudioVersion = 10.0.40219.1
Project("{F184B08F-C81C-45F6-A57F-5ABD9991F28F}") = "allowNumeric", "allowNumeric.vbproj", "{828D4DC9-B318-4AA6-B81C-2A513C6E299D}"
EndProject
Global
	GlobalSection(SolutionConfigurationPlatforms) = preSolution
		Debug|Any CPU = Debug|Any CPU
		Release|Any CPU = Release|Any CPU
	EndGlobalSection
	GlobalSection(ProjectConfigurationPlatforms) = postSolution
		{828D4DC9-B318-4AA6-B81C-2A513C6E299D}.Debug|Any CPU.ActiveCfg = Debug|Any CPU
		{828D4DC9-B318-4AA6-B81C-2A513C6E299D}.Debug|Any CPU.Build.0 = Debug|Any CPU
		{828D4DC9-B318-4AA6-B81C-2A513C6E299D}.Release|Any CPU.ActiveCfg = Release|Any CPU
		{828D4DC9-B318-4AA6-B81C-2A513C6E299D}.Release|Any CPU.Build.0 = Release|Any CPU
	EndGlobalSection
	GlobalSection(SolutionProperties) = preSolution
		HideSolutionNode = FALSE
	EndGlobalSection
	GlobalSection(ExtensibilityGlobals) = postSolution
		SolutionGuid = {A58B0F1B-25E1-4243-A65B-486E1EB4A0D5}
	EndGlobalSection
EndGlobal
